{
  "name": "qseed",
  "version": "1.0.0",
  "lockfileVersion": 3,
  "requires": true,
  "packages": {
    "": {
      "name": "qseed",
      "version": "1.0.0",
      "license": "ISC",
      "dependencies": {
        "ml-matrix": "^6.13.0",
        "tldts": "^7.4.6"
      }
    },
    "node_modules/is-any-array": {
      "version": "3.0.0",
      "resolved": "https://registry.npmjs.org/is-any-array/-/is-any-array-3.0.0.tgz",
      "integrity": "sha512-o4h+tylWykC4BD1vaejp6gDxoM13bwW8FGuNs4yIKpj8xbBJcRxJx8vZpq0dCr7ZDEfeKjmsi/euolKhX6f/ww==",
      "license": "MIT"
    },
    "node_modules/ml-array-max": {
      "version": "2.0.0",
      "resolved": "https://registry.npmjs.org/ml-array-max/-/ml-array-max-2.0.0.tgz",
      "integrity": "sha512-QQZ4kENwpWmyNb98UXRDFXrmtIXuXtt1+bSbda/2KA85+F+rrJP8hZk6QOkCQXM2Th9mUDYdq/PNByPdT9ID4A==",
      "license": "MIT",
      "dependencies": {
        "is-any-array": "^3.0.0"
      }
    },
    "node_modules/ml-array-min": {
      "version": "2.0.0",
      "resolved": "https://registry.npmjs.org/ml-array-min/-/ml-array-min-2.0.0.tgz",
      "integrity": "sha512-GRj6Ky6sW9vGL6yIjgsHmXZ9YgrdmcQ8nCxPqEGeKc6dkfYg1XDYxGFxADUjNuZyoCd5PUscWAS4N+cFaX6hFg==",
      "license": "MIT",
      "dependencies": {
        "is-any-array": "^3.0.0"
      }
    },
    "node_modules/ml-array-rescale": {
      "version": "2.0.0",
      "resolved": "https://registry.npmjs.org/ml-array-rescale/-/ml-array-rescale-2.0.0.tgz",
      "integrity": "sha512-2GGtKfSno94/kIloWGvpp/U5Q5vLvLrza+SAaGsLeo6Xj4mEbA6Gqx+oTfZFkxnd1grT2X007HfJNs3T5BsiVg==",
      "license": "MIT",
      "dependencies": {
        "is-any-array": "^3.0.0",
        "ml-array-max": "^2.0.0",
        "ml-array-min": "^2.0.0"
      }
    },
    "node_modules/ml-matrix": {
      "version": "6.13.0",
      "resolved": "https://registry.npmjs.org/ml-matrix/-/ml-matrix-6.13.0.tgz",
      "integrity": "sha512-QpV0UTUkglg6vPUgThKGBEtit2ac6habSoZ33bwI9rU0UHZLqw6G3ukTIE8zWiUF3sjK8YAlhx/o/b9layzH8A==",
      "license": "MIT",
      "dependencies": {
        "is-any-array": "^3.0.0",
        "ml-array-rescale": "^2.0.0"
      }
    },
    "node_modules/tldts": {
      "version": "7.4.6",
      "resolved": "https://registry.npmjs.org/tldts/-/tldts-7.4.6.tgz",
      "integrity": "sha512-rbP0Gyx8b3Ae9yO//CU2wbSnQNoQ66m1nJdSbSHmnwKwzkkz/u8mERYU8T2rmlmy+bJvRNn84yNCW8gYqox44Q==",
      "license": "MIT",
      "dependencies": {
        "tldts-core": "^7.4.6"
      },
      "bin": {
        "tldts": "bin/cli.js"
      }
    },
    "node_modules/tldts-core": {
      "version": "7.4.6",
      "resolved": "https://registry.npmjs.org/tldts-core/-/tldts-core-7.4.6.tgz",
      "integrity": "sha512-TkQNGJIhlEphpHCjKodMTSe23egUZr/g+flI2qkLgiJ/maAzSgXypSLRTNH3nCmqgayEmtcJBiLcfODSAr1xoA==",
      "license": "MIT"
    }
  }
}
